{
  "requires": true,
  "lockfileVersion": 1,
  "dependencies": {
    "react-native-phone-call": {
      "version": "1.0.9",
      "resolved": "https://registry.npmjs.org/react-native-phone-call/-/react-native-phone-call-1.0.9.tgz",
      "integrity": "sha512-OPWYg8qeWNG/U4bWGMAKcQTH/ifqJnsvUPCH4lOkvWFHbQS3fbH5M8rFhXCzcfS0GVNzHhZX9ZByMM368TFAUQ=="
    }
  }
}
